{
  "object": {
    "pins": [
      {
        "package": "C_mujoco",
        "repositoryURL": "https://github.com/liuliu/mujoco.git",
        "state": {
          "branch": null,
          "revision": "f45d21c897d04ac52ab3aa8e8c132015a4c02e1c",
          "version": null
        }
      },
      {
        "package": "swift-numerics",
        "repositoryURL": "https://github.com/apple/swift-numerics",
        "state": {
          "branch": null,
          "revision": "0a5bc04095a675662cf24757cc0640aa2204253b",
          "version": "1.0.2"
        }
      }
    ]
  },
  "version": 1
}
